
Microsoft Visual Studio Solution File, Format Version 12.00
# Visual Studio 15
VisualStudioVersion = 15.0.28307.960
MinimumVisualStudioVersion = 10.0.40219.1
Project("{9A19103F-16F7-4668-BE54-9A1E7A4F7556}") = "NewsBlog.Persistence", "NewsBlog.Persistence\NewsBlog.Persistence.csproj", "{E7A938FD-B8AF-4326-A2F7-F28880955BB5}"
EndProject
Project("{9A19103F-16F7-4668-BE54-9A1E7A4F7556}") = "NewsBlog.Website", "NewsBlog.Website\NewsBlog.Website.csproj", "{8EF9FD7C-28E7-4C32-9529-435EA0AA3371}"
EndProject
Project("{9A19103F-16F7-4668-BE54-9A1E7A4F7556}") = "WebApi", "WebApi\WebApi.csproj", "{7D8C7A66-0CEC-42E7-9780-BEE5678915C9}"
EndProject
Project("{FAE04EC0-301F-11D3-BF4B-00C04F79EFBC}") = "Desktop", "Desktop\Desktop.csproj", "{99282F73-61A1-4D0E-851E-5B29C5E26C74}"
EndProject
Global
	GlobalSection(SolutionConfigurationPlatforms) = preSolution
		Debug|Any CPU = Debug|Any CPU
		Release|Any CPU = Release|Any CPU
	EndGlobalSection
	GlobalSection(ProjectConfigurationPlatforms) = postSolution
		{E7A938FD-B8AF-4326-A2F7-F28880955BB5}.Debug|Any CPU.ActiveCfg = Debug|Any CPU
		{E7A938FD-B8AF-4326-A2F7-F28880955BB5}.Debug|Any CPU.Build.0 = Debug|Any CPU
		{E7A938FD-B8AF-4326-A2F7-F28880955BB5}.Release|Any CPU.ActiveCfg = Release|Any CPU
		{E7A938FD-B8AF-4326-A2F7-F28880955BB5}.Release|Any CPU.Build.0 = Release|Any CPU
		{8EF9FD7C-28E7-4C32-9529-435EA0AA3371}.Debug|Any CPU.ActiveCfg = Debug|Any CPU
		{8EF9FD7C-28E7-4C32-9529-435EA0AA3371}.Debug|Any CPU.Build.0 = Debug|Any CPU
		{8EF9FD7C-28E7-4C32-9529-435EA0AA3371}.Release|Any CPU.ActiveCfg = Release|Any CPU
		{8EF9FD7C-28E7-4C32-9529-435EA0AA3371}.Release|Any CPU.Build.0 = Release|Any CPU
		{7D8C7A66-0CEC-42E7-9780-BEE5678915C9}.Debug|Any CPU.ActiveCfg = Debug|Any CPU
		{7D8C7A66-0CEC-42E7-9780-BEE5678915C9}.Debug|Any CPU.Build.0 = Debug|Any CPU
		{7D8C7A66-0CEC-42E7-9780-BEE5678915C9}.Release|Any CPU.ActiveCfg = Release|Any CPU
		{7D8C7A66-0CEC-42E7-9780-BEE5678915C9}.Release|Any CPU.Build.0 = Release|Any CPU
		{99282F73-61A1-4D0E-851E-5B29C5E26C74}.Debug|Any CPU.ActiveCfg = Debug|Any CPU
		{99282F73-61A1-4D0E-851E-5B29C5E26C74}.Debug|Any CPU.Build.0 = Debug|Any CPU
		{99282F73-61A1-4D0E-851E-5B29C5E26C74}.Release|Any CPU.ActiveCfg = Release|Any CPU
		{99282F73-61A1-4D0E-851E-5B29C5E26C74}.Release|Any CPU.Build.0 = Release|Any CPU
	EndGlobalSection
	GlobalSection(SolutionProperties) = preSolution
		HideSolutionNode = FALSE
	EndGlobalSection
	GlobalSection(ExtensibilityGlobals) = postSolution
		SolutionGuid = {746EF7BC-D4E7-4062-8FFE-C5709D95B9DB}
	EndGlobalSection
EndGlobal
